
Microsoft Visual Studio Solution File, Format Version 12.00
# Visual Studio Version 17
VisualStudioVersion = 17.9.34723.18
MinimumVisualStudioVersion = 10.0.40219.1
Project("{9A19103F-16F7-4668-BE54-9A1E7A4F7556}") = "wejdenNefzi.Server", "wejdenNefzi.Server\wejdenNefzi.Server.csproj", "{C0EB9185-2528-4724-9C5E-7102BA639C4B}"
EndProject
Project("{54A90642-561A-4BB1-A94E-469ADEE60C69}") = "wejdennefzi.client", "wejdennefzi.client\wejdennefzi.client.esproj", "{0F2FA6CA-4FC8-4E23-ACFB-E283F5D6D827}"
EndProject
Global
	GlobalSection(SolutionConfigurationPlatforms) = preSolution
		Debug|Any CPU = Debug|Any CPU
		Release|Any CPU = Release|Any CPU
	EndGlobalSection
	GlobalSection(ProjectConfigurationPlatforms) = postSolution
		{C0EB9185-2528-4724-9C5E-7102BA639C4B}.Debug|Any CPU.ActiveCfg = Debug|Any CPU
		{C0EB9185-2528-4724-9C5E-7102BA639C4B}.Debug|Any CPU.Build.0 = Debug|Any CPU
		{C0EB9185-2528-4724-9C5E-7102BA639C4B}.Release|Any CPU.ActiveCfg = Release|Any CPU
		{C0EB9185-2528-4724-9C5E-7102BA639C4B}.Release|Any CPU.Build.0 = Release|Any CPU
		{0F2FA6CA-4FC8-4E23-ACFB-E283F5D6D827}.Debug|Any CPU.ActiveCfg = Debug|Any CPU
		{0F2FA6CA-4FC8-4E23-ACFB-E283F5D6D827}.Debug|Any CPU.Build.0 = Debug|Any CPU
		{0F2FA6CA-4FC8-4E23-ACFB-E283F5D6D827}.Debug|Any CPU.Deploy.0 = Debug|Any CPU
		{0F2FA6CA-4FC8-4E23-ACFB-E283F5D6D827}.Release|Any CPU.ActiveCfg = Release|Any CPU
		{0F2FA6CA-4FC8-4E23-ACFB-E283F5D6D827}.Release|Any CPU.Build.0 = Release|Any CPU
		{0F2FA6CA-4FC8-4E23-ACFB-E283F5D6D827}.Release|Any CPU.Deploy.0 = Release|Any CPU
	EndGlobalSection
	GlobalSection(SolutionProperties) = preSolution
		HideSolutionNode = FALSE
	EndGlobalSection
	GlobalSection(ExtensibilityGlobals) = postSolution
		SolutionGuid = {8D150737-6D25-45BA-89E4-E0896E45E3C3}
	EndGlobalSection
EndGlobal
